{
  "object": {
    "pins": [
      {
        "package": "DragAbleView",
        "repositoryURL": "https://github.com/pkh0225/DragAbleView.git",
        "state": {
          "branch": null,
          "revision": "b7554a4e6a39ead447908e57c2daad882bbbd10e",
          "version": "0.1.1"
        }
      }
    ]
  },
  "version": 1
}
