{
  "object": {
    "pins": [
      {
        "package": "DragAbleView",
        "repositoryURL": "https://github.com/pkh0225/DragAbleView.git",
        "state": {
          "branch": "main",
          "revision": "09a8484d5652089b801d86a4be5d8317e1950201",
          "version": null
        }
      }
    ]
  },
  "version": 1
}
