{
  "originHash" : "f3edf20ecaeb101c0b53a486cd390d2b16b59683be4176eb2c6e7397afeec94c",
  "pins" : [
    {
      "identity" : "dragableview",
      "kind" : "remoteSourceControl",
      "location" : "https://github.com/pkh0225/DragAbleView.git",
      "state" : {
        "revision" : "36168f977d710adcfeed7877579759ea2e1168f4",
        "version" : "1.0.0"
      }
    }
  ],
  "version" : 3
}
